// !$*UTF8*$!
{
	archiveVersion = 1;
	classes = {
	};
	objectVersion = 56;
	objects = {

/* Begin PBXBuildFile section */
		438CA0C02A78E6E600D96185 /* Mac_TodoApp.swift in Sources */ = {isa = PBXBuildFile; fileRef = 438CA0BF2A78E6E600D96185 /* Mac_TodoApp.swift */; };
		438CA0C22A78E6E600D96185 /* ContentView.swift in Sources */ = {isa = PBXBuildFile; fileRef = 438CA0C12A78E6E600D96185 /* ContentView.swift */; };
		438CA0C42A78E6E700D96185 /* Assets.xcassets in Resources */ = {isa = PBXBuildFile; fileRef = 438CA0C32A78E6E700D96185 /* Assets.xcassets */; };
		438CA0C72A78E6E700D96185 /* Preview Assets.xcassets in Resources */ = {isa = PBXBuildFile; fileRef = 438CA0C62A78E6E700D96185 /* Preview Assets.xcassets */; };
		438CA0D22A78E6E700D96185 /* Mac_TodoTests.swift in Sources */ = {isa = PBXBuildFile; fileRef = 438CA0D12A78E6E700D96185 /* Mac_TodoTests.swift */; };
		438CA0DC2A78E6E700D96185 /* Mac_TodoUITests.swift in Sources */ = {isa = PBXBuildFile; fileRef = 438CA0DB2A78E6E700D96185 /* Mac_TodoUITests.swift */; };
		438CA0DE2A78E6E700D96185 /* Mac_TodoUITestsLaunchTests.swift in Sources */ = {isa = PBXBuildFile; fileRef = 438CA0DD2A78E6E700D96185 /* Mac_TodoUITestsLaunchTests.swift */; };
/* End PBXBuildFile section */

/* Begin PBXContainerItemProxy section */
		438CA0CE2A78E6E700D96185 /* PBXContainerItemProxy */ = {
			isa = PBXContainerItemProxy;
			containerPortal = 438CA0B42A78E6E600D96185 /* Project object */;
			proxyType = 1;
			remoteGlobalIDString = 438CA0BB2A78E6E600D96185;
			remoteInfo = "Mac-Todo";
		};
		438CA0D82A78E6E700D96185 /* PBXContainerItemProxy */ = {
			isa = PBXContainerItemProxy;
			containerPortal = 438CA0B42A78E6E600D96185 /* Project object */;
			proxyType = 1;
			remoteGlobalIDString = 438CA0BB2A78E6E600D96185;
			remoteInfo = "Mac-Todo";
		};
/* End PBXContainerItemProxy section */

/* Begin PBXFileReference section */
		438CA0BC2A78E6E600D96185 /* Daily-Todo.app */ = {isa = PBXFileReference; explicitFileType = wrapper.application; includeInIndex = 0; path = "Daily-Todo.app"; sourceTree = BUILT_PRODUCTS_DIR; };
		438CA0BF2A78E6E600D96185 /* Mac_TodoApp.swift */ = {isa = PBXFileReference; lastKnownFileType = sourcecode.swift; path = Mac_TodoApp.swift; sourceTree = "<group>"; };
		438CA0C12A78E6E600D96185 /* ContentView.swift */ = {isa = PBXFileReference; lastKnownFileType = sourcecode.swift; path = ContentView.swift; sourceTree = "<group>"; };
		438CA0C32A78E6E700D96185 /* Assets.xcassets */ = {isa = PBXFileReference; lastKnownFileType = folder.assetcatalog; path = Assets.xcassets; sourceTree = "<group>"; };
		438CA0C62A78E6E700D96185 /* Preview Assets.xcassets */ = {isa = PBXFileReference; lastKnownFileType = folder.assetcatalog; path = "Preview Assets.xcassets"; sourceTree = "<group>"; };
		438CA0C82A78E6E700D96185 /* Mac_Todo.entitlements */ = {isa = PBXFileReference; lastKnownFileType = text.plist.entitlements; path = Mac_Todo.entitlements; sourceTree = "<group>"; };
		438CA0CD2A78E6E700D96185 /* Mac-TodoTests.xctest */ = {isa = PBXFileReference; explicitFileType = wrapper.cfbundle; includeInIndex = 0; path = "Mac-TodoTests.xctest"; sourceTree = BUILT_PRODUCTS_DIR; };
		438CA0D12A78E6E700D96185 /* Mac_TodoTests.swift */ = {isa = PBXFileReference; lastKnownFileType = sourcecode.swift; path = Mac_TodoTests.swift; sourceTree = "<group>"; };
		438CA0D72A78E6E700D96185 /* Mac-TodoUITests.xctest */ = {isa = PBXFileReference; explicitFileType = wrapper.cfbundle; includeInIndex = 0; path = "Mac-TodoUITests.xctest"; sourceTree = BUILT_PRODUCTS_DIR; };
		438CA0DB2A78E6E700D96185 /* Mac_TodoUITests.swift */ = {isa = PBXFileReference; lastKnownFileType = sourcecode.swift; path = Mac_TodoUITests.swift; sourceTree = "<group>"; };
		438CA0DD2A78E6E700D96185 /* Mac_TodoUITestsLaunchTests.swift */ = {isa = PBXFileReference; lastKnownFileType = sourcecode.swift; path = Mac_TodoUITestsLaunchTests.swift; sourceTree = "<group>"; };
/* End PBXFileReference section */

/* Begin PBXFrameworksBuildPhase section */
		438CA0B92A78E6E600D96185 /* Frameworks */ = {
			isa = PBXFrameworksBuildPhase;
			buildActionMask = 2147483647;
			files = (
			);
			runOnlyForDeploymentPostprocessing = 0;
		};
		438CA0CA2A78E6E700D96185 /* Frameworks */ = {
			isa = PBXFrameworksBuildPhase;
			buildActionMask = 2147483647;
			files = (
			);
			runOnlyForDeploymentPostprocessing = 0;
		};
		438CA0D42A78E6E700D96185 /* Frameworks */ = {
			isa = PBXFrameworksBuildPhase;
			buildActionMask = 2147483647;
			files = (
			);
			runOnlyForDeploymentPostprocessing = 0;
		};
/* End PBXFrameworksBuildPhase section */

/* Begin PBXGroup section */
		438CA0B32A78E6E600D96185 = {
			isa = PBXGroup;
			children = (
				438CA0BE2A78E6E600D96185 /* Mac-Todo */,
				438CA0D02A78E6E700D96185 /* Mac-TodoTests */,
				438CA0DA2A78E6E700D96185 /* Mac-TodoUITests */,
				438CA0BD2A78E6E600D96185 /* Products */,
			);
			sourceTree = "<group>";
		};
		438CA0BD2A78E6E600D96185 /* Products */ = {
			isa = PBXGroup;
			children = (
				438CA0BC2A78E6E600D96185 /* Daily-Todo.app */,
				438CA0CD2A78E6E700D96185 /* Mac-TodoTests.xctest */,
				438CA0D72A78E6E700D96185 /* Mac-TodoUITests.xctest */,
			);
			name = Products;
			sourceTree = "<group>";
		};
		438CA0BE2A78E6E600D96185 /* Mac-Todo */ = {
			isa = PBXGroup;
			children = (
				438CA0BF2A78E6E600D96185 /* Mac_TodoApp.swift */,
				438CA0C12A78E6E600D96185 /* ContentView.swift */,
				438CA0C32A78E6E700D96185 /* Assets.xcassets */,
				438CA0C82A78E6E700D96185 /* Mac_Todo.entitlements */,
				438CA0C52A78E6E700D96185 /* Preview Content */,
			);
			path = "Mac-Todo";
			sourceTree = "<group>";
		};
		438CA0C52A78E6E700D96185 /* Preview Content */ = {
			isa = PBXGroup;
			children = (
				438CA0C62A78E6E700D96185 /* Preview Assets.xcassets */,
			);
			path = "Preview Content";
			sourceTree = "<group>";
		};
		438CA0D02A78E6E700D96185 /* Mac-TodoTests */ = {
			isa = PBXGroup;
			children = (
				438CA0D12A78E6E700D96185 /* Mac_TodoTests.swift */,
			);
			path = "Mac-TodoTests";
			sourceTree = "<group>";
		};
		438CA0DA2A78E6E700D96185 /* Mac-TodoUITests */ = {
			isa = PBXGroup;
			children = (
				438CA0DB2A78E6E700D96185 /* Mac_TodoUITests.swift */,
				438CA0DD2A78E6E700D96185 /* Mac_TodoUITestsLaunchTests.swift */,
			);
			path = "Mac-TodoUITests";
			sourceTree = "<group>";
		};
/* End PBXGroup section */

/* Begin PBXNativeTarget section */
		438CA0BB2A78E6E600D96185 /* Daily-Todo */ = {
			isa = PBXNativeTarget;
			buildConfigurationList = 438CA0E12A78E6E700D96185 /* Build configuration list for PBXNativeTarget "Daily-Todo" */;
			buildPhases = (
				438CA0B82A78E6E600D96185 /* Sources */,
				438CA0B92A78E6E600D96185 /* Frameworks */,
				438CA0BA2A78E6E600D96185 /* Resources */,
			);
			buildRules = (
			);
			dependencies = (
			);
			name = "Daily-Todo";
			productName = "Mac-Todo";
			productReference = 438CA0BC2A78E6E600D96185 /* Daily-Todo.app */;
			productType = "com.apple.product-type.application";
		};
		438CA0CC2A78E6E700D96185 /* Mac-TodoTests */ = {
			isa = PBXNativeTarget;
			buildConfigurationList = 438CA0E42A78E6E700D96185 /* Build configuration list for PBXNativeTarget "Mac-TodoTests" */;
			buildPhases = (
				438CA0C92A78E6E700D96185 /* Sources */,
				438CA0CA2A78E6E700D96185 /* Frameworks */,
				438CA0CB2A78E6E700D96185 /* Resources */,
			);
			buildRules = (
			);
			dependencies = (
				438CA0CF2A78E6E700D96185 /* PBXTargetDependency */,
			);
			name = "Mac-TodoTests";
			productName = "Mac-TodoTests";
			productReference = 438CA0CD2A78E6E700D96185 /* Mac-TodoTests.xctest */;
			productType = "com.apple.product-type.bundle.unit-test";
		};
		438CA0D62A78E6E700D96185 /* Mac-TodoUITests */ = {
			isa = PBXNativeTarget;
			buildConfigurationList = 438CA0E72A78E6E700D96185 /* Build configuration list for PBXNativeTarget "Mac-TodoUITests" */;
			buildPhases = (
				438CA0D32A78E6E700D96185 /* Sources */,
				438CA0D42A78E6E700D96185 /* Frameworks */,
				438CA0D52A78E6E700D96185 /* Resources */,
			);
			buildRules = (
			);
			dependencies = (
				438CA0D92A78E6E700D96185 /* PBXTargetDependency */,
			);
			name = "Mac-TodoUITests";
			productName = "Mac-TodoUITests";
			productReference = 438CA0D72A78E6E700D96185 /* Mac-TodoUITests.xctest */;
			productType = "com.apple.product-type.bundle.ui-testing";
		};
/* End PBXNativeTarget section */

/* Begin PBXProject section */
		438CA0B42A78E6E600D96185 /* Project object */ = {
			isa = PBXProject;
			attributes = {
				BuildIndependentTargetsInParallel = 1;
				LastSwiftUpdateCheck = 1420;
				LastUpgradeCheck = 1420;
				TargetAttributes = {
					438CA0BB2A78E6E600D96185 = {
						CreatedOnToolsVersion = 14.2;
					};
					438CA0CC2A78E6E700D96185 = {
						CreatedOnToolsVersion = 14.2;
						TestTargetID = 438CA0BB2A78E6E600D96185;
					};
					438CA0D62A78E6E700D96185 = {
						CreatedOnToolsVersion = 14.2;
						TestTargetID = 438CA0BB2A78E6E600D96185;
					};
				};
			};
			buildConfigurationList = 438CA0B72A78E6E600D96185 /* Build configuration list for PBXProject "Mac-Todo" */;
			compatibilityVersion = "Xcode 14.0";
			developmentRegion = en;
			hasScannedForEncodings = 0;
			knownRegions = (
				en,
				Base,
			);
			mainGroup = 438CA0B32A78E6E600D96185;
			productRefGroup = 438CA0BD2A78E6E600D96185 /* Products */;
			projectDirPath = "";
			projectRoot = "";
			targets = (
				438CA0BB2A78E6E600D96185 /* Daily-Todo */,
				438CA0CC2A78E6E700D96185 /* Mac-TodoTests */,
				438CA0D62A78E6E700D96185 /* Mac-TodoUITests */,
			);
		};
/* End PBXProject section */

/* Begin PBXResourcesBuildPhase section */
		438CA0BA2A78E6E600D96185 /* Resources */ = {
			isa = PBXResourcesBuildPhase;
			buildActionMask = 2147483647;
			files = (
				438CA0C72A78E6E700D96185 /* Preview Assets.xcassets in Resources */,
				438CA0C42A78E6E700D96185 /* Assets.xcassets in Resources */,
			);
			runOnlyForDeploymentPostprocessing = 0;
		};
		438CA0CB2A78E6E700D96185 /* Resources */ = {
			isa = PBXResourcesBuildPhase;
			buildActionMask = 2147483647;
			files = (
			);
			runOnlyForDeploymentPostprocessing = 0;
		};
		438CA0D52A78E6E700D96185 /* Resources */ = {
			isa = PBXResourcesBuildPhase;
			buildActionMask = 2147483647;
			files = (
			);
			runOnlyForDeploymentPostprocessing = 0;
		};
/* End PBXResourcesBuildPhase section */

/* Begin PBXSourcesBuildPhase section */
		438CA0B82A78E6E600D96185 /* Sources */ = {
			isa = PBXSourcesBuildPhase;
			buildActionMask = 2147483647;
			files = (
				438CA0C22A78E6E600D96185 /* ContentView.swift in Sources */,
				438CA0C02A78E6E600D96185 /* Mac_TodoApp.swift in Sources */,
			);
			runOnlyForDeploymentPostprocessing = 0;
		};
		438CA0C92A78E6E700D96185 /* Sources */ = {
			isa = PBXSourcesBuildPhase;
			buildActionMask = 2147483647;
			files = (
				438CA0D22A78E6E700D96185 /* Mac_TodoTests.swift in Sources */,
			);
			runOnlyForDeploymentPostprocessing = 0;
		};
		438CA0D32A78E6E700D96185 /* Sources */ = {
			isa = PBXSourcesBuildPhase;
			buildActionMask = 2147483647;
			files = (
				438CA0DE2A78E6E700D96185 /* Mac_TodoUITestsLaunchTests.swift in Sources */,
				438CA0DC2A78E6E700D96185 /* Mac_TodoUITests.swift in Sources */,
			);
			runOnlyForDeploymentPostprocessing = 0;
		};
/* End PBXSourcesBuildPhase section */

/* Begin PBXTargetDependency section */
		438CA0CF2A78E6E700D96185 /* PBXTargetDependency */ = {
			isa = PBXTargetDependency;
			target = 438CA0BB2A78E6E600D96185 /* Daily-Todo */;
			targetProxy = 438CA0CE2A78E6E700D96185 /* PBXContainerItemProxy */;
		};
		438CA0D92A78E6E700D96185 /* PBXTargetDependency */ = {
			isa = PBXTargetDependency;
			target = 438CA0BB2A78E6E600D96185 /* Daily-Todo */;
			targetProxy = 438CA0D82A78E6E700D96185 /* PBXContainerItemProxy */;
		};
/* End PBXTargetDependency section */

/* Begin XCBuildConfiguration section */
		438CA0DF2A78E6E700D96185 /* Debug */ = {
			isa = XCBuildConfiguration;
			buildSettings = {
				ALWAYS_SEARCH_USER_PATHS = NO;
				CLANG_ANALYZER_NONNULL = YES;
				CLANG_ANALYZER_NUMBER_OBJECT_CONVERSION = YES_AGGRESSIVE;
				CLANG_CXX_LANGUAGE_STANDARD = "gnu++20";
				CLANG_ENABLE_MODULES = YES;
				CLANG_ENABLE_OBJC_ARC = YES;
				CLANG_ENABLE_OBJC_WEAK = YES;
				CLANG_WARN_BLOCK_CAPTURE_AUTORELEASING = YES;
				CLANG_WARN_BOOL_CONVERSION = YES;
				CLANG_WARN_COMMA = YES;
				CLANG_WARN_CONSTANT_CONVERSION = YES;
				CLANG_WARN_DEPRECATED_OBJC_IMPLEMENTATIONS = YES;
				CLANG_WARN_DIRECT_OBJC_ISA_USAGE = YES_ERROR;
				CLANG_WARN_DOCUMENTATION_COMMENTS = YES;
				CLANG_WARN_EMPTY_BODY = YES;
				CLANG_WARN_ENUM_CONVERSION = YES;
				CLANG_WARN_INFINITE_RECURSION = YES;
				CLANG_WARN_INT_CONVERSION = YES;
				CLANG_WARN_NON_LITERAL_NULL_CONVERSION = YES;
				CLANG_WARN_OBJC_IMPLICIT_RETAIN_SELF = YES;
				CLANG_WARN_OBJC_LITERAL_CONVERSION = YES;
				CLANG_WARN_OBJC_ROOT_CLASS = YES_ERROR;
				CLANG_WARN_QUOTED_INCLUDE_IN_FRAMEWORK_HEADER = YES;
				CLANG_WARN_RANGE_LOOP_ANALYSIS = YES;
				CLANG_WARN_STRICT_PROTOTYPES = YES;
				CLANG_WARN_SUSPICIOUS_MOVE = YES;
				CLANG_WARN_UNGUARDED_AVAILABILITY = YES_AGGRESSIVE;
				CLANG_WARN_UNREACHABLE_CODE = YES;
				CLANG_WARN__DUPLICATE_METHOD_MATCH = YES;
				COPY_PHASE_STRIP = NO;
				DEBUG_INFORMATION_FORMAT = dwarf;
				ENABLE_STRICT_OBJC_MSGSEND = YES;
				ENABLE_TESTABILITY = YES;
				GCC_C_LANGUAGE_STANDARD = gnu11;
				GCC_DYNAMIC_NO_PIC = NO;
				GCC_NO_COMMON_BLOCKS = YES;
				GCC_OPTIMIZATION_LEVEL = 0;
				GCC_PREPROCESSOR_DEFINITIONS = (
					"DEBUG=1",
					"$(inherited)",
				);
				GCC_WARN_64_TO_32_BIT_CONVERSION = YES;
				GCC_WARN_ABOUT_RETURN_TYPE = YES_ERROR;
				GCC_WARN_UNDECLARED_SELECTOR = YES;
				GCC_WARN_UNINITIALIZED_AUTOS = YES_AGGRESSIVE;
				GCC_WARN_UNUSED_FUNCTION = YES;
				GCC_WARN_UNUSED_VARIABLE = YES;
				MACOSX_DEPLOYMENT_TARGET = 13.1;
				MTL_ENABLE_DEBUG_INFO = INCLUDE_SOURCE;
				MTL_FAST_MATH = YES;
				ONLY_ACTIVE_ARCH = YES;
				SDKROOT = macosx;
				SWIFT_ACTIVE_COMPILATION_CONDITIONS = DEBUG;
				SWIFT_OPTIMIZATION_LEVEL = "-Onone";
			};
			name = Debug;
		};
		438CA0E02A78E6E700D96185 /* Release */ = {
			isa = XCBuildConfiguration;
			buildSettings = {
				ALWAYS_SEARCH_USER_PATHS = NO;
				CLANG_ANALYZER_NONNULL = YES;
				CLANG_ANALYZER_NUMBER_OBJECT_CONVERSION = YES_AGGRESSIVE;
				CLANG_CXX_LANGUAGE_STANDARD = "gnu++20";
				CLANG_ENABLE_MODULES = YES;
				CLANG_ENABLE_OBJC_ARC = YES;
				CLANG_ENABLE_OBJC_WEAK = YES;
				CLANG_WARN_BLOCK_CAPTURE_AUTORELEASING = YES;
				CLANG_WARN_BOOL_CONVERSION = YES;
				CLANG_WARN_COMMA = YES;
				CLANG_WARN_CONSTANT_CONVERSION = YES;
				CLANG_WARN_DEPRECATED_OBJC_IMPLEMENTATIONS = YES;
				CLANG_WARN_DIRECT_OBJC_ISA_USAGE = YES_ERROR;
				CLANG_WARN_DOCUMENTATION_COMMENTS = YES;
				CLANG_WARN_EMPTY_BODY = YES;
				CLANG_WARN_ENUM_CONVERSION = YES;
				CLANG_WARN_INFINITE_RECURSION = YES;
				CLANG_WARN_INT_CONVERSION = YES;
				CLANG_WARN_NON_LITERAL_NULL_CONVERSION = YES;
				CLANG_WARN_OBJC_IMPLICIT_RETAIN_SELF = YES;
				CLANG_WARN_OBJC_LITERAL_CONVERSION = YES;
				CLANG_WARN_OBJC_ROOT_CLASS = YES_ERROR;
				CLANG_WARN_QUOTED_INCLUDE_IN_FRAMEWORK_HEADER = YES;
				CLANG_WARN_RANGE_LOOP_ANALYSIS = YES;
				CLANG_WARN_STRICT_PROTOTYPES = YES;
				CLANG_WARN_SUSPICIOUS_MOVE = YES;
				CLANG_WARN_UNGUARDED_AVAILABILITY = YES_AGGRESSIVE;
				CLANG_WARN_UNREACHABLE_CODE = YES;
				CLANG_WARN__DUPLICATE_METHOD_MATCH = YES;
				COPY_PHASE_STRIP = NO;
				DEBUG_INFORMATION_FORMAT = "dwarf-with-dsym";
				ENABLE_NS_ASSERTIONS = NO;
				ENABLE_STRICT_OBJC_MSGSEND = YES;
				GCC_C_LANGUAGE_STANDARD = gnu11;
				GCC_NO_COMMON_BLOCKS = YES;
				GCC_WARN_64_TO_32_BIT_CONVERSION = YES;
				GCC_WARN_ABOUT_RETURN_TYPE = YES_ERROR;
				GCC_WARN_UNDECLARED_SELECTOR = YES;
				GCC_WARN_UNINITIALIZED_AUTOS = YES_AGGRESSIVE;
				GCC_WARN_UNUSED_FUNCTION = YES;
				GCC_WARN_UNUSED_VARIABLE = YES;
				MACOSX_DEPLOYMENT_TARGET = 13.1;
				MTL_ENABLE_DEBUG_INFO = NO;
				MTL_FAST_MATH = YES;
				SDKROOT = macosx;
				SWIFT_COMPILATION_MODE = wholemodule;
				SWIFT_OPTIMIZATION_LEVEL = "-O";
			};
			name = Release;
		};
		438CA0E22A78E6E700D96185 /* Debug */ = {
			isa = XCBuildConfiguration;
			buildSettings = {
				ASSETCATALOG_COMPILER_APPICON_NAME = AppIcon;
				ASSETCATALOG_COMPILER_GLOBAL_ACCENT_COLOR_NAME = AccentColor;
				CODE_SIGN_ENTITLEMENTS = "Mac-Todo/Mac_Todo.entitlements";
				CODE_SIGN_STYLE = Automatic;
				COMBINE_HIDPI_IMAGES = YES;
				CURRENT_PROJECT_VERSION = 1;
				DEVELOPMENT_ASSET_PATHS = "\"Mac-Todo/Preview Content\"";
				DEVELOPMENT_TEAM = 432B84543F;
				ENABLE_HARDENED_RUNTIME = YES;
				ENABLE_PREVIEWS = YES;
				GENERATE_INFOPLIST_FILE = YES;
				INFOPLIST_KEY_NSHumanReadableCopyright = "";
				LD_RUNPATH_SEARCH_PATHS = (
					"$(inherited)",
					"@executable_path/../Frameworks",
				);
				MARKETING_VERSION = 1.0;
				PRODUCT_BUNDLE_IDENTIFIER = "com.faheem.todoApp.Mac-Todo";
				PRODUCT_NAME = "$(TARGET_NAME)";
				SWIFT_EMIT_LOC_STRINGS = YES;
				SWIFT_VERSION = 5.0;
			};
			name = Debug;
		};
		438CA0E32A78E6E700D96185 /* Release */ = {
			isa = XCBuildConfiguration;
			buildSettings = {
				ASSETCATALOG_COMPILER_APPICON_NAME = AppIcon;
				ASSETCATALOG_COMPILER_GLOBAL_ACCENT_COLOR_NAME = AccentColor;
				CODE_SIGN_ENTITLEMENTS = "Mac-Todo/Mac_Todo.entitlements";
				CODE_SIGN_STYLE = Automatic;
				COMBINE_HIDPI_IMAGES = YES;
				CURRENT_PROJECT_VERSION = 1;
				DEVELOPMENT_ASSET_PATHS = "\"Mac-Todo/Preview Content\"";
				DEVELOPMENT_TEAM = 432B84543F;
				ENABLE_HARDENED_RUNTIME = YES;
				ENABLE_PREVIEWS = YES;
				GENERATE_INFOPLIST_FILE = YES;
				INFOPLIST_KEY_NSHumanReadableCopyright = "";
				LD_RUNPATH_SEARCH_PATHS = (
					"$(inherited)",
					"@executable_path/../Frameworks",
				);
				MARKETING_VERSION = 1.0;
				PRODUCT_BUNDLE_IDENTIFIER = "com.faheem.todoApp.Mac-Todo";
				PRODUCT_NAME = "$(TARGET_NAME)";
				SWIFT_EMIT_LOC_STRINGS = YES;
				SWIFT_VERSION = 5.0;
			};
			name = Release;
		};
		438CA0E52A78E6E700D96185 /* Debug */ = {
			isa = XCBuildConfiguration;
			buildSettings = {
				ALWAYS_EMBED_SWIFT_STANDARD_LIBRARIES = YES;
				BUNDLE_LOADER = "$(TEST_HOST)";
				CODE_SIGN_STYLE = Automatic;
				CURRENT_PROJECT_VERSION = 1;
				DEVELOPMENT_TEAM = 432B84543F;
				GENERATE_INFOPLIST_FILE = YES;
				MACOSX_DEPLOYMENT_TARGET = 13.1;
				MARKETING_VERSION = 1.0;
				PRODUCT_BUNDLE_IDENTIFIER = "com.faheem.todoApp.Mac-TodoTests";
				PRODUCT_NAME = "$(TARGET_NAME)";
				SWIFT_EMIT_LOC_STRINGS = NO;
				SWIFT_VERSION = 5.0;
				TEST_HOST = "$(BUILT_PRODUCTS_DIR)/Mac-Todo.app/$(BUNDLE_EXECUTABLE_FOLDER_PATH)/Mac-Todo";
			};
			name = Debug;
		};
		438CA0E62A78E6E700D96185 /* Release */ = {
			isa = XCBuildConfiguration;
			buildSettings = {
				ALWAYS_EMBED_SWIFT_STANDARD_LIBRARIES = YES;
				BUNDLE_LOADER = "$(TEST_HOST)";
				CODE_SIGN_STYLE = Automatic;
				CURRENT_PROJECT_VERSION = 1;
				DEVELOPMENT_TEAM = 432B84543F;
				GENERATE_INFOPLIST_FILE = YES;
				MACOSX_DEPLOYMENT_TARGET = 13.1;
				MARKETING_VERSION = 1.0;
				PRODUCT_BUNDLE_IDENTIFIER = "com.faheem.todoApp.Mac-TodoTests";
				PRODUCT_NAME = "$(TARGET_NAME)";
				SWIFT_EMIT_LOC_STRINGS = NO;
				SWIFT_VERSION = 5.0;
				TEST_HOST = "$(BUILT_PRODUCTS_DIR)/Mac-Todo.app/$(BUNDLE_EXECUTABLE_FOLDER_PATH)/Mac-Todo";
			};
			name = Release;
		};
		438CA0E82A78E6E700D96185 /* Debug */ = {
			isa = XCBuildConfiguration;
			buildSettings = {
				ALWAYS_EMBED_SWIFT_STANDARD_LIBRARIES = YES;
				CODE_SIGN_STYLE = Automatic;
				CURRENT_PROJECT_VERSION = 1;
				DEVELOPMENT_TEAM = 432B84543F;
				GENERATE_INFOPLIST_FILE = YES;
				MARKETING_VERSION = 1.0;
				PRODUCT_BUNDLE_IDENTIFIER = "com.faheem.todoApp.Mac-TodoUITests";
				PRODUCT_NAME = "$(TARGET_NAME)";
				SWIFT_EMIT_LOC_STRINGS = NO;
				SWIFT_VERSION = 5.0;
				TEST_TARGET_NAME = "Mac-Todo";
			};
			name = Debug;
		};
		438CA0E92A78E6E700D96185 /* Release */ = {
			isa = XCBuildConfiguration;
			buildSettings = {
				ALWAYS_EMBED_SWIFT_STANDARD_LIBRARIES = YES;
				CODE_SIGN_STYLE = Automatic;
				CURRENT_PROJECT_VERSION = 1;
				DEVELOPMENT_TEAM = 432B84543F;
				GENERATE_INFOPLIST_FILE = YES;
				MARKETING_VERSION = 1.0;
				PRODUCT_BUNDLE_IDENTIFIER = "com.faheem.todoApp.Mac-TodoUITests";
				PRODUCT_NAME = "$(TARGET_NAME)";
				SWIFT_EMIT_LOC_STRINGS = NO;
				SWIFT_VERSION = 5.0;
				TEST_TARGET_NAME = "Mac-Todo";
			};
			name = Release;
		};
/* End XCBuildConfiguration section */

/* Begin XCConfigurationList section */
		438CA0B72A78E6E600D96185 /* Build configuration list for PBXProject "Mac-Todo" */ = {
			isa = XCConfigurationList;
			buildConfigurations = (
				438CA0DF2A78E6E700D96185 /* Debug */,
				438CA0E02A78E6E700D96185 /* Release */,
			);
			defaultConfigurationIsVisible = 0;
			defaultConfigurationName = Release;
		};
		438CA0E12A78E6E700D96185 /* Build configuration list for PBXNativeTarget "Daily-Todo" */ = {
			isa = XCConfigurationList;
			buildConfigurations = (
				438CA0E22A78E6E700D96185 /* Debug */,
				438CA0E32A78E6E700D96185 /* Release */,
			);
			defaultConfigurationIsVisible = 0;
			defaultConfigurationName = Release;
		};
		438CA0E42A78E6E700D96185 /* Build configuration list for PBXNativeTarget "Mac-TodoTests" */ = {
			isa = XCConfigurationList;
			buildConfigurations = (
				438CA0E52A78E6E700D96185 /* Debug */,
				438CA0E62A78E6E700D96185 /* Release */,
			);
			defaultConfigurationIsVisible = 0;
			defaultConfigurationName = Release;
		};
		438CA0E72A78E6E700D96185 /* Build configuration list for PBXNativeTarget "Mac-TodoUITests" */ = {
			isa = XCConfigurationList;
			buildConfigurations = (
				438CA0E82A78E6E700D96185 /* Debug */,
				438CA0E92A78E6E700D96185 /* Release */,
			);
			defaultConfigurationIsVisible = 0;
			defaultConfigurationName = Release;
		};
/* End XCConfigurationList section */
	};
	rootObject = 438CA0B42A78E6E600D96185 /* Project object */;
}
